
Microsoft Visual Studio Solution File, Format Version 12.00
# Visual Studio Version 17
VisualStudioVersion = 17.7.34302.85
MinimumVisualStudioVersion = 10.0.40219.1
Project("{FAE04EC0-301F-11D3-BF4B-00C04F79EFBC}") = "Module18", "Module18\Module18.csproj", "{63887EB8-6D7C-4B59-9472-1F7ECC37DD13}"
EndProject
Global
	GlobalSection(SolutionConfigurationPlatforms) = preSolution
		Debug|Any CPU = Debug|Any CPU
		Release|Any CPU = Release|Any CPU
	EndGlobalSection
	GlobalSection(ProjectConfigurationPlatforms) = postSolution
		{63887EB8-6D7C-4B59-9472-1F7ECC37DD13}.Debug|Any CPU.ActiveCfg = Debug|Any CPU
		{63887EB8-6D7C-4B59-9472-1F7ECC37DD13}.Debug|Any CPU.Build.0 = Debug|Any CPU
		{63887EB8-6D7C-4B59-9472-1F7ECC37DD13}.Release|Any CPU.ActiveCfg = Release|Any CPU
		{63887EB8-6D7C-4B59-9472-1F7ECC37DD13}.Release|Any CPU.Build.0 = Release|Any CPU
	EndGlobalSection
	GlobalSection(SolutionProperties) = preSolution
		HideSolutionNode = FALSE
	EndGlobalSection
	GlobalSection(ExtensibilityGlobals) = postSolution
		SolutionGuid = {0190E1B0-9BEC-4CA8-8E7E-476C637A71EF}
	EndGlobalSection
EndGlobal
